
Microsoft Visual Studio Solution File, Format Version 12.00
# Visual Studio Version 17
VisualStudioVersion = 17.8.34330.188
MinimumVisualStudioVersion = 10.0.40219.1
Project("{FAE04EC0-301F-11D3-BF4B-00C04F79EFBC}") = "KeThua_QLHinhHoc", "KeThua_QLHinhHoc\KeThua_QLHinhHoc.csproj", "{330FD521-00D3-419B-BD73-996FD3DA5AFB}"
EndProject
Global
	GlobalSection(SolutionConfigurationPlatforms) = preSolution
		Debug|Any CPU = Debug|Any CPU
		Release|Any CPU = Release|Any CPU
	EndGlobalSection
	GlobalSection(ProjectConfigurationPlatforms) = postSolution
		{330FD521-00D3-419B-BD73-996FD3DA5AFB}.Debug|Any CPU.ActiveCfg = Debug|Any CPU
		{330FD521-00D3-419B-BD73-996FD3DA5AFB}.Debug|Any CPU.Build.0 = Debug|Any CPU
		{330FD521-00D3-419B-BD73-996FD3DA5AFB}.Release|Any CPU.ActiveCfg = Release|Any CPU
		{330FD521-00D3-419B-BD73-996FD3DA5AFB}.Release|Any CPU.Build.0 = Release|Any CPU
	EndGlobalSection
	GlobalSection(SolutionProperties) = preSolution
		HideSolutionNode = FALSE
	EndGlobalSection
	GlobalSection(ExtensibilityGlobals) = postSolution
		SolutionGuid = {1858B87D-2661-41BC-9EA2-D947DBF48C13}
	EndGlobalSection
EndGlobal
