
Microsoft Visual Studio Solution File, Format Version 12.00
# Visual Studio Version 16
VisualStudioVersion = 16.0.30523.141
MinimumVisualStudioVersion = 10.0.40219.1
Project("{FAE04EC0-301F-11D3-BF4B-00C04F79EFBC}") = "BaiOnTap1", "BaiOnTap1\BaiOnTap1.csproj", "{12BFA13A-212E-4DF2-A21E-B550189E6E29}"
EndProject
Global
	GlobalSection(SolutionConfigurationPlatforms) = preSolution
		Debug|Any CPU = Debug|Any CPU
		Release|Any CPU = Release|Any CPU
	EndGlobalSection
	GlobalSection(ProjectConfigurationPlatforms) = postSolution
		{12BFA13A-212E-4DF2-A21E-B550189E6E29}.Debug|Any CPU.ActiveCfg = Debug|Any CPU
		{12BFA13A-212E-4DF2-A21E-B550189E6E29}.Debug|Any CPU.Build.0 = Debug|Any CPU
		{12BFA13A-212E-4DF2-A21E-B550189E6E29}.Release|Any CPU.ActiveCfg = Release|Any CPU
		{12BFA13A-212E-4DF2-A21E-B550189E6E29}.Release|Any CPU.Build.0 = Release|Any CPU
	EndGlobalSection
	GlobalSection(SolutionProperties) = preSolution
		HideSolutionNode = FALSE
	EndGlobalSection
	GlobalSection(ExtensibilityGlobals) = postSolution
		SolutionGuid = {00EAEF7A-A4DA-4F05-A1A7-C35F1D55042C}
	EndGlobalSection
EndGlobal
